
Microsoft Visual Studio Solution File, Format Version 12.00
# Visual Studio Version 17
VisualStudioVersion = 17.9.34622.214
MinimumVisualStudioVersion = 10.0.40219.1
Project("{FAE04EC0-301F-11D3-BF4B-00C04F79EFBC}") = "AvKiller", "AvKiller\AvKiller.csproj", "{41E77E65-1A85-424E-B417-2A6C1FE8E8FC}"
EndProject
Global
	GlobalSection(SolutionConfigurationPlatforms) = preSolution
		Debug|Any CPU = Debug|Any CPU
		Debug|x86 = Debug|x86
		Release|Any CPU = Release|Any CPU
		Release|x86 = Release|x86
	EndGlobalSection
	GlobalSection(ProjectConfigurationPlatforms) = postSolution
		{41E77E65-1A85-424E-B417-2A6C1FE8E8FC}.Debug|Any CPU.ActiveCfg = Debug|Any CPU
		{41E77E65-1A85-424E-B417-2A6C1FE8E8FC}.Debug|Any CPU.Build.0 = Debug|Any CPU
		{41E77E65-1A85-424E-B417-2A6C1FE8E8FC}.Debug|x86.ActiveCfg = Debug|x86
		{41E77E65-1A85-424E-B417-2A6C1FE8E8FC}.Debug|x86.Build.0 = Debug|x86
		{41E77E65-1A85-424E-B417-2A6C1FE8E8FC}.Release|Any CPU.ActiveCfg = Release|Any CPU
		{41E77E65-1A85-424E-B417-2A6C1FE8E8FC}.Release|Any CPU.Build.0 = Release|Any CPU
		{41E77E65-1A85-424E-B417-2A6C1FE8E8FC}.Release|x86.ActiveCfg = Release|x86
		{41E77E65-1A85-424E-B417-2A6C1FE8E8FC}.Release|x86.Build.0 = Release|x86
	EndGlobalSection
	GlobalSection(SolutionProperties) = preSolution
		HideSolutionNode = FALSE
	EndGlobalSection
	GlobalSection(ExtensibilityGlobals) = postSolution
		SolutionGuid = {DC7E0B6F-D80D-4AD0-A7DF-C9BCE3CE2FF4}
	EndGlobalSection
EndGlobal
